{
  "version": 4,
  "terraform_version": "0.12.26",
  "serial": 9,
  "lineage": "076f7a12-537c-d0d9-1f28-15304bd42f9d",
  "outputs": {},
  "resources": [
    {
      "mode": "managed",
      "type": "digitalocean_droplet",
      "name": "nginx-01",
      "provider": "provider.digitalocean",
      "instances": [
        {
          "schema_version": 1,
          "attributes": {
            "backups": false,
            "created_at": "2020-06-13T05:49:23Z",
            "disk": 25,
            "id": "195912628",
            "image": "ubuntu-18-04-x64",
            "ipv4_address": "174.138.34.209",
            "ipv4_address_private": "10.136.45.115",
            "ipv6": false,
            "ipv6_address": "",
            "ipv6_address_private": null,
            "locked": false,
            "memory": 1024,
            "monitoring": false,
            "name": "nginx-01",
            "price_hourly": 0.00744,
            "price_monthly": 5,
            "private_networking": true,
            "region": "nyc1",
            "resize_disk": true,
            "size": "s-1vcpu-1gb",
            "ssh_keys": [
              "53:e2:d3:ab:fe:28:84:d2:60:6a:2c:b2:f0:1b:19:e3"
            ],
            "status": "active",
            "tags": [],
            "urn": "do:droplet:195912628",
            "user_data": null,
            "vcpus": 1,
            "volume_ids": [],
            "vpc_uuid": "bada2c93-dc84-11e8-8650-3cfdfea9f8c8"
          },
          "private": "eyJzY2hlbWFfdmVyc2lvbiI6IjEifQ=="
        }
      ]
    },
    {
      "mode": "managed",
      "type": "digitalocean_droplet",
      "name": "nginx-02",
      "provider": "provider.digitalocean",
      "instances": [
        {
          "schema_version": 1,
          "attributes": {
            "backups": false,
            "created_at": "2020-06-13T05:56:59Z",
            "disk": 25,
            "id": "195913030",
            "image": "ubuntu-18-04-x64",
            "ipv4_address": "161.35.57.252",
            "ipv4_address_private": "10.136.116.234",
            "ipv6": false,
            "ipv6_address": "",
            "ipv6_address_private": null,
            "locked": false,
            "memory": 1024,
            "monitoring": false,
            "name": "nginx-02",
            "price_hourly": 0.00744,
            "price_monthly": 5,
            "private_networking": true,
            "region": "nyc1",
            "resize_disk": true,
            "size": "s-1vcpu-1gb",
            "ssh_keys": [
              "53:e2:d3:ab:fe:28:84:d2:60:6a:2c:b2:f0:1b:19:e3"
            ],
            "status": "active",
            "tags": [],
            "urn": "do:droplet:195913030",
            "user_data": null,
            "vcpus": 1,
            "volume_ids": [],
            "vpc_uuid": "bada2c93-dc84-11e8-8650-3cfdfea9f8c8"
          },
          "private": "eyJzY2hlbWFfdmVyc2lvbiI6IjEifQ=="
        }
      ]
    },
    {
      "mode": "managed",
      "type": "digitalocean_loadbalancer",
      "name": "www-lb",
      "provider": "provider.digitalocean",
      "instances": [
        {
          "schema_version": 0,
          "attributes": {
            "algorithm": "round_robin",
            "droplet_ids": [
              195912628,
              195913030
            ],
            "droplet_tag": "",
            "enable_backend_keepalive": false,
            "enable_proxy_protocol": false,
            "forwarding_rule": [
              {
                "certificate_id": "",
                "entry_port": 80,
                "entry_protocol": "http",
                "target_port": 80,
                "target_protocol": "http",
                "tls_passthrough": false
              }
            ],
            "healthcheck": [
              {
                "check_interval_seconds": 10,
                "healthy_threshold": 5,
                "path": "",
                "port": 22,
                "protocol": "tcp",
                "response_timeout_seconds": 5,
                "unhealthy_threshold": 3
              }
            ],
            "id": "47487362-86e6-41ff-bad9-1e3304526f21",
            "ip": "167.172.0.249",
            "name": "www-lb",
            "redirect_http_to_https": false,
            "region": "nyc1",
            "status": "active",
            "sticky_sessions": [
              {
                "cookie_name": "",
                "cookie_ttl_seconds": 0,
                "type": "none"
              }
            ],
            "urn": "do:loadbalancer:47487362-86e6-41ff-bad9-1e3304526f21",
            "vpc_uuid": "bada2c93-dc84-11e8-8650-3cfdfea9f8c8"
          },
          "private": "bnVsbA=="
        }
      ]
    }
  ]
}
